
Microsoft Visual Studio Solution File, Format Version 12.00
# Visual Studio Version 16
VisualStudioVersion = 16.0.30503.244
MinimumVisualStudioVersion = 10.0.40219.1
Project("{FAE04EC0-301F-11D3-BF4B-00C04F79EFBC}") = "WebLearningProj", "WebLearningProj.csproj", "{493DD843-1E11-45B1-A306-DD330865561A}"
EndProject
Global
	GlobalSection(SolutionConfigurationPlatforms) = preSolution
		Debug|Any CPU = Debug|Any CPU
		Release|Any CPU = Release|Any CPU
	EndGlobalSection
	GlobalSection(ProjectConfigurationPlatforms) = postSolution
		{493DD843-1E11-45B1-A306-DD330865561A}.Debug|Any CPU.ActiveCfg = Debug|Any CPU
		{493DD843-1E11-45B1-A306-DD330865561A}.Debug|Any CPU.Build.0 = Debug|Any CPU
		{493DD843-1E11-45B1-A306-DD330865561A}.Release|Any CPU.ActiveCfg = Release|Any CPU
		{493DD843-1E11-45B1-A306-DD330865561A}.Release|Any CPU.Build.0 = Release|Any CPU
	EndGlobalSection
	GlobalSection(SolutionProperties) = preSolution
		HideSolutionNode = FALSE
	EndGlobalSection
	GlobalSection(ExtensibilityGlobals) = postSolution
		SolutionGuid = {80F93842-326C-4890-955B-7415CF9D00F4}
	EndGlobalSection
EndGlobal
